
Microsoft Visual Studio Solution File, Format Version 12.00
# Visual Studio 15
VisualStudioVersion = 15.0.26430.13
MinimumVisualStudioVersion = 10.0.40219.1
Project("{FAE04EC0-301F-11D3-BF4B-00C04F79EFBC}") = "Base64", "Base64\Base64.csproj", "{F7C60EB1-9D78-458B-85AE-CD174B212C9D}"
EndProject
Project("{FAE04EC0-301F-11D3-BF4B-00C04F79EFBC}") = "Base64Test", "Base64Test\Base64Test.csproj", "{D688C1D5-3A07-49D3-A39A-9A9C088F9514}"
EndProject
Project("{2150E333-8FDC-42A3-9474-1A3956D46DE8}") = "Solution Items", "Solution Items", "{4EA807B6-F0FD-4AEF-9E4E-0071A90E8EE7}"
	ProjectSection(SolutionItems) = preProject
		README.md = README.md
	EndProjectSection
EndProject
Global
	GlobalSection(SolutionConfigurationPlatforms) = preSolution
		Debug|Any CPU = Debug|Any CPU
		Release|Any CPU = Release|Any CPU
	EndGlobalSection
	GlobalSection(ProjectConfigurationPlatforms) = postSolution
		{F7C60EB1-9D78-458B-85AE-CD174B212C9D}.Debug|Any CPU.ActiveCfg = Debug|Any CPU
		{F7C60EB1-9D78-458B-85AE-CD174B212C9D}.Debug|Any CPU.Build.0 = Debug|Any CPU
		{F7C60EB1-9D78-458B-85AE-CD174B212C9D}.Release|Any CPU.ActiveCfg = Release|Any CPU
		{F7C60EB1-9D78-458B-85AE-CD174B212C9D}.Release|Any CPU.Build.0 = Release|Any CPU
		{D688C1D5-3A07-49D3-A39A-9A9C088F9514}.Debug|Any CPU.ActiveCfg = Debug|Any CPU
		{D688C1D5-3A07-49D3-A39A-9A9C088F9514}.Debug|Any CPU.Build.0 = Debug|Any CPU
		{D688C1D5-3A07-49D3-A39A-9A9C088F9514}.Release|Any CPU.ActiveCfg = Release|Any CPU
		{D688C1D5-3A07-49D3-A39A-9A9C088F9514}.Release|Any CPU.Build.0 = Release|Any CPU
	EndGlobalSection
	GlobalSection(SolutionProperties) = preSolution
		HideSolutionNode = FALSE
	EndGlobalSection
EndGlobal
